{
  "name": "palettier/basic-defaults",
  "version": "1.0.0",
  "lockfileVersion": 3,
  "requires": true,
  "packages": {
    "": {
      "name": "palettier/basic-defaults",
      "version": "1.0.0",
      "license": "MIT"
    },
    "../..": {
      "version": "1.0.0",
      "extraneous": true,
      "license": "MIT",
      "dependencies": {
        "mkdirp": "^3.0.1",
        "ts-command-line-args": "^2.5.1"
      },
      "bin": {
        "palettier": "bin/palettier"
      },
      "devDependencies": {
        "@biomejs/biome": "1.8.3",
        "@types/node": "^20.14.10",
        "npm-upgrade": "3.1.0",
        "typescript": "^5.5.3"
      }
    }
  }
}
